// !$*UTF8*$!
{
	archiveVersion = 1;
	classes = {
	};
	objectVersion = 56;
	objects = {

/* Begin PBXBuildFile section */
		9A9F4D612AB9C5BE00E166A3 /* LocationListView.swift in Sources */ = {isa = PBXBuildFile; fileRef = 9A9F4D602AB9C5BE00E166A3 /* LocationListView.swift */; };
		9A9F4D632AB9DE6900E166A3 /* LocationPreviewView.swift in Sources */ = {isa = PBXBuildFile; fileRef = 9A9F4D622AB9DE6900E166A3 /* LocationPreviewView.swift */; };
		9AB5F8D72AB99574006AB3FE /* MapAppApp.swift in Sources */ = {isa = PBXBuildFile; fileRef = 9AB5F8D62AB99574006AB3FE /* MapAppApp.swift */; };
		9AB5F8D92AB99574006AB3FE /* ContentView.swift in Sources */ = {isa = PBXBuildFile; fileRef = 9AB5F8D82AB99574006AB3FE /* ContentView.swift */; };
		9AB5F8DE2AB99575006AB3FE /* Preview Assets.xcassets in Resources */ = {isa = PBXBuildFile; fileRef = 9AB5F8DD2AB99575006AB3FE /* Preview Assets.xcassets */; };
		9AB5F8E52AB9971A006AB3FE /* Assets.xcassets in Resources */ = {isa = PBXBuildFile; fileRef = 9AB5F8E42AB99719006AB3FE /* Assets.xcassets */; };
		9AB5F8EA2AB997CC006AB3FE /* Location.swift in Sources */ = {isa = PBXBuildFile; fileRef = 9AB5F8E92AB997CC006AB3FE /* Location.swift */; };
		9AB5F8ED2AB99984006AB3FE /* LocationsDataService.swift in Sources */ = {isa = PBXBuildFile; fileRef = 9AB5F8EC2AB99984006AB3FE /* LocationsDataService.swift */; };
		9AB5F8EF2AB9B0B8006AB3FE /* LocationsView.swift in Sources */ = {isa = PBXBuildFile; fileRef = 9AB5F8EE2AB9B0B8006AB3FE /* LocationsView.swift */; };
		9AB5F8F12AB9B50A006AB3FE /* LocationsViewModel.swift in Sources */ = {isa = PBXBuildFile; fileRef = 9AB5F8F02AB9B50A006AB3FE /* LocationsViewModel.swift */; };
/* End PBXBuildFile section */

/* Begin PBXFileReference section */
		9A9F4D602AB9C5BE00E166A3 /* LocationListView.swift */ = {isa = PBXFileReference; lastKnownFileType = sourcecode.swift; path = LocationListView.swift; sourceTree = "<group>"; };
		9A9F4D622AB9DE6900E166A3 /* LocationPreviewView.swift */ = {isa = PBXFileReference; lastKnownFileType = sourcecode.swift; path = LocationPreviewView.swift; sourceTree = "<group>"; };
		9AB5F8D32AB99574006AB3FE /* MapApp.app */ = {isa = PBXFileReference; explicitFileType = wrapper.application; includeInIndex = 0; path = MapApp.app; sourceTree = BUILT_PRODUCTS_DIR; };
		9AB5F8D62AB99574006AB3FE /* MapAppApp.swift */ = {isa = PBXFileReference; lastKnownFileType = sourcecode.swift; path = MapAppApp.swift; sourceTree = "<group>"; };
		9AB5F8D82AB99574006AB3FE /* ContentView.swift */ = {isa = PBXFileReference; lastKnownFileType = sourcecode.swift; path = ContentView.swift; sourceTree = "<group>"; };
		9AB5F8DD2AB99575006AB3FE /* Preview Assets.xcassets */ = {isa = PBXFileReference; lastKnownFileType = folder.assetcatalog; path = "Preview Assets.xcassets"; sourceTree = "<group>"; };
		9AB5F8E42AB99719006AB3FE /* Assets.xcassets */ = {isa = PBXFileReference; lastKnownFileType = folder.assetcatalog; path = Assets.xcassets; sourceTree = "<group>"; };
		9AB5F8E92AB997CC006AB3FE /* Location.swift */ = {isa = PBXFileReference; lastKnownFileType = sourcecode.swift; path = Location.swift; sourceTree = "<group>"; };
		9AB5F8EC2AB99984006AB3FE /* LocationsDataService.swift */ = {isa = PBXFileReference; fileEncoding = 4; lastKnownFileType = sourcecode.swift; path = LocationsDataService.swift; sourceTree = "<group>"; };
		9AB5F8EE2AB9B0B8006AB3FE /* LocationsView.swift */ = {isa = PBXFileReference; lastKnownFileType = sourcecode.swift; path = LocationsView.swift; sourceTree = "<group>"; };
		9AB5F8F02AB9B50A006AB3FE /* LocationsViewModel.swift */ = {isa = PBXFileReference; lastKnownFileType = sourcecode.swift; path = LocationsViewModel.swift; sourceTree = "<group>"; };
/* End PBXFileReference section */

/* Begin PBXFrameworksBuildPhase section */
		9AB5F8D02AB99574006AB3FE /* Frameworks */ = {
			isa = PBXFrameworksBuildPhase;
			buildActionMask = 2147483647;
			files = (
			);
			runOnlyForDeploymentPostprocessing = 0;
		};
/* End PBXFrameworksBuildPhase section */

/* Begin PBXGroup section */
		9AB5F8CA2AB99574006AB3FE = {
			isa = PBXGroup;
			children = (
				9AB5F8D52AB99574006AB3FE /* MapApp */,
				9AB5F8D42AB99574006AB3FE /* Products */,
			);
			sourceTree = "<group>";
		};
		9AB5F8D42AB99574006AB3FE /* Products */ = {
			isa = PBXGroup;
			children = (
				9AB5F8D32AB99574006AB3FE /* MapApp.app */,
			);
			name = Products;
			sourceTree = "<group>";
		};
		9AB5F8D52AB99574006AB3FE /* MapApp */ = {
			isa = PBXGroup;
			children = (
				9AB5F8EB2AB9993F006AB3FE /* DataService */,
				9AB5F8E82AB997AC006AB3FE /* ViewModels */,
				9AB5F8E72AB9979F006AB3FE /* Views */,
				9AB5F8E62AB99797006AB3FE /* Models */,
				9AB5F8D62AB99574006AB3FE /* MapAppApp.swift */,
				9AB5F8D82AB99574006AB3FE /* ContentView.swift */,
				9AB5F8E42AB99719006AB3FE /* Assets.xcassets */,
				9AB5F8DC2AB99575006AB3FE /* Preview Content */,
			);
			path = MapApp;
			sourceTree = "<group>";
		};
		9AB5F8DC2AB99575006AB3FE /* Preview Content */ = {
			isa = PBXGroup;
			children = (
				9AB5F8DD2AB99575006AB3FE /* Preview Assets.xcassets */,
			);
			path = "Preview Content";
			sourceTree = "<group>";
		};
		9AB5F8E62AB99797006AB3FE /* Models */ = {
			isa = PBXGroup;
			children = (
				9AB5F8E92AB997CC006AB3FE /* Location.swift */,
			);
			path = Models;
			sourceTree = "<group>";
		};
		9AB5F8E72AB9979F006AB3FE /* Views */ = {
			isa = PBXGroup;
			children = (
				9AB5F8EE2AB9B0B8006AB3FE /* LocationsView.swift */,
				9A9F4D602AB9C5BE00E166A3 /* LocationListView.swift */,
				9A9F4D622AB9DE6900E166A3 /* LocationPreviewView.swift */,
			);
			path = Views;
			sourceTree = "<group>";
		};
		9AB5F8E82AB997AC006AB3FE /* ViewModels */ = {
			isa = PBXGroup;
			children = (
				9AB5F8F02AB9B50A006AB3FE /* LocationsViewModel.swift */,
			);
			path = ViewModels;
			sourceTree = "<group>";
		};
		9AB5F8EB2AB9993F006AB3FE /* DataService */ = {
			isa = PBXGroup;
			children = (
				9AB5F8EC2AB99984006AB3FE /* LocationsDataService.swift */,
			);
			path = DataService;
			sourceTree = "<group>";
		};
/* End PBXGroup section */

/* Begin PBXNativeTarget section */
		9AB5F8D22AB99574006AB3FE /* MapApp */ = {
			isa = PBXNativeTarget;
			buildConfigurationList = 9AB5F8E12AB99575006AB3FE /* Build configuration list for PBXNativeTarget "MapApp" */;
			buildPhases = (
				9AB5F8CF2AB99574006AB3FE /* Sources */,
				9AB5F8D02AB99574006AB3FE /* Frameworks */,
				9AB5F8D12AB99574006AB3FE /* Resources */,
			);
			buildRules = (
			);
			dependencies = (
			);
			name = MapApp;
			productName = MapApp;
			productReference = 9AB5F8D32AB99574006AB3FE /* MapApp.app */;
			productType = "com.apple.product-type.application";
		};
/* End PBXNativeTarget section */

/* Begin PBXProject section */
		9AB5F8CB2AB99574006AB3FE /* Project object */ = {
			isa = PBXProject;
			attributes = {
				BuildIndependentTargetsInParallel = 1;
				LastSwiftUpdateCheck = 1430;
				LastUpgradeCheck = 1430;
				TargetAttributes = {
					9AB5F8D22AB99574006AB3FE = {
						CreatedOnToolsVersion = 14.3.1;
					};
				};
			};
			buildConfigurationList = 9AB5F8CE2AB99574006AB3FE /* Build configuration list for PBXProject "MapApp" */;
			compatibilityVersion = "Xcode 14.0";
			developmentRegion = en;
			hasScannedForEncodings = 0;
			knownRegions = (
				en,
				Base,
			);
			mainGroup = 9AB5F8CA2AB99574006AB3FE;
			productRefGroup = 9AB5F8D42AB99574006AB3FE /* Products */;
			projectDirPath = "";
			projectRoot = "";
			targets = (
				9AB5F8D22AB99574006AB3FE /* MapApp */,
			);
		};
/* End PBXProject section */

/* Begin PBXResourcesBuildPhase section */
		9AB5F8D12AB99574006AB3FE /* Resources */ = {
			isa = PBXResourcesBuildPhase;
			buildActionMask = 2147483647;
			files = (
				9AB5F8E52AB9971A006AB3FE /* Assets.xcassets in Resources */,
				9AB5F8DE2AB99575006AB3FE /* Preview Assets.xcassets in Resources */,
			);
			runOnlyForDeploymentPostprocessing = 0;
		};
/* End PBXResourcesBuildPhase section */

/* Begin PBXSourcesBuildPhase section */
		9AB5F8CF2AB99574006AB3FE /* Sources */ = {
			isa = PBXSourcesBuildPhase;
			buildActionMask = 2147483647;
			files = (
				9AB5F8ED2AB99984006AB3FE /* LocationsDataService.swift in Sources */,
				9AB5F8F12AB9B50A006AB3FE /* LocationsViewModel.swift in Sources */,
				9A9F4D632AB9DE6900E166A3 /* LocationPreviewView.swift in Sources */,
				9AB5F8D92AB99574006AB3FE /* ContentView.swift in Sources */,
				9AB5F8EF2AB9B0B8006AB3FE /* LocationsView.swift in Sources */,
				9A9F4D612AB9C5BE00E166A3 /* LocationListView.swift in Sources */,
				9AB5F8EA2AB997CC006AB3FE /* Location.swift in Sources */,
				9AB5F8D72AB99574006AB3FE /* MapAppApp.swift in Sources */,
			);
			runOnlyForDeploymentPostprocessing = 0;
		};
/* End PBXSourcesBuildPhase section */

/* Begin XCBuildConfiguration section */
		9AB5F8DF2AB99575006AB3FE /* Debug */ = {
			isa = XCBuildConfiguration;
			buildSettings = {
				ALWAYS_SEARCH_USER_PATHS = NO;
				CLANG_ANALYZER_NONNULL = YES;
				CLANG_ANALYZER_NUMBER_OBJECT_CONVERSION = YES_AGGRESSIVE;
				CLANG_CXX_LANGUAGE_STANDARD = "gnu++20";
				CLANG_ENABLE_MODULES = YES;
				CLANG_ENABLE_OBJC_ARC = YES;
				CLANG_ENABLE_OBJC_WEAK = YES;
				CLANG_WARN_BLOCK_CAPTURE_AUTORELEASING = YES;
				CLANG_WARN_BOOL_CONVERSION = YES;
				CLANG_WARN_COMMA = YES;
				CLANG_WARN_CONSTANT_CONVERSION = YES;
				CLANG_WARN_DEPRECATED_OBJC_IMPLEMENTATIONS = YES;
				CLANG_WARN_DIRECT_OBJC_ISA_USAGE = YES_ERROR;
				CLANG_WARN_DOCUMENTATION_COMMENTS = YES;
				CLANG_WARN_EMPTY_BODY = YES;
				CLANG_WARN_ENUM_CONVERSION = YES;
				CLANG_WARN_INFINITE_RECURSION = YES;
				CLANG_WARN_INT_CONVERSION = YES;
				CLANG_WARN_NON_LITERAL_NULL_CONVERSION = YES;
				CLANG_WARN_OBJC_IMPLICIT_RETAIN_SELF = YES;
				CLANG_WARN_OBJC_LITERAL_CONVERSION = YES;
				CLANG_WARN_OBJC_ROOT_CLASS = YES_ERROR;
				CLANG_WARN_QUOTED_INCLUDE_IN_FRAMEWORK_HEADER = YES;
				CLANG_WARN_RANGE_LOOP_ANALYSIS = YES;
				CLANG_WARN_STRICT_PROTOTYPES = YES;
				CLANG_WARN_SUSPICIOUS_MOVE = YES;
				CLANG_WARN_UNGUARDED_AVAILABILITY = YES_AGGRESSIVE;
				CLANG_WARN_UNREACHABLE_CODE = YES;
				CLANG_WARN__DUPLICATE_METHOD_MATCH = YES;
				COPY_PHASE_STRIP = NO;
				DEBUG_INFORMATION_FORMAT = dwarf;
				ENABLE_STRICT_OBJC_MSGSEND = YES;
				ENABLE_TESTABILITY = YES;
				GCC_C_LANGUAGE_STANDARD = gnu11;
				GCC_DYNAMIC_NO_PIC = NO;
				GCC_NO_COMMON_BLOCKS = YES;
				GCC_OPTIMIZATION_LEVEL = 0;
				GCC_PREPROCESSOR_DEFINITIONS = (
					"DEBUG=1",
					"$(inherited)",
				);
				GCC_WARN_64_TO_32_BIT_CONVERSION = YES;
				GCC_WARN_ABOUT_RETURN_TYPE = YES_ERROR;
				GCC_WARN_UNDECLARED_SELECTOR = YES;
				GCC_WARN_UNINITIALIZED_AUTOS = YES_AGGRESSIVE;
				GCC_WARN_UNUSED_FUNCTION = YES;
				GCC_WARN_UNUSED_VARIABLE = YES;
				IPHONEOS_DEPLOYMENT_TARGET = 16.4;
				MTL_ENABLE_DEBUG_INFO = INCLUDE_SOURCE;
				MTL_FAST_MATH = YES;
				ONLY_ACTIVE_ARCH = YES;
				SDKROOT = iphoneos;
				SWIFT_ACTIVE_COMPILATION_CONDITIONS = DEBUG;
				SWIFT_OPTIMIZATION_LEVEL = "-Onone";
			};
			name = Debug;
		};
		9AB5F8E02AB99575006AB3FE /* Release */ = {
			isa = XCBuildConfiguration;
			buildSettings = {
				ALWAYS_SEARCH_USER_PATHS = NO;
				CLANG_ANALYZER_NONNULL = YES;
				CLANG_ANALYZER_NUMBER_OBJECT_CONVERSION = YES_AGGRESSIVE;
				CLANG_CXX_LANGUAGE_STANDARD = "gnu++20";
				CLANG_ENABLE_MODULES = YES;
				CLANG_ENABLE_OBJC_ARC = YES;
				CLANG_ENABLE_OBJC_WEAK = YES;
				CLANG_WARN_BLOCK_CAPTURE_AUTORELEASING = YES;
				CLANG_WARN_BOOL_CONVERSION = YES;
				CLANG_WARN_COMMA = YES;
				CLANG_WARN_CONSTANT_CONVERSION = YES;
				CLANG_WARN_DEPRECATED_OBJC_IMPLEMENTATIONS = YES;
				CLANG_WARN_DIRECT_OBJC_ISA_USAGE = YES_ERROR;
				CLANG_WARN_DOCUMENTATION_COMMENTS = YES;
				CLANG_WARN_EMPTY_BODY = YES;
				CLANG_WARN_ENUM_CONVERSION = YES;
				CLANG_WARN_INFINITE_RECURSION = YES;
				CLANG_WARN_INT_CONVERSION = YES;
				CLANG_WARN_NON_LITERAL_NULL_CONVERSION = YES;
				CLANG_WARN_OBJC_IMPLICIT_RETAIN_SELF = YES;
				CLANG_WARN_OBJC_LITERAL_CONVERSION = YES;
				CLANG_WARN_OBJC_ROOT_CLASS = YES_ERROR;
				CLANG_WARN_QUOTED_INCLUDE_IN_FRAMEWORK_HEADER = YES;
				CLANG_WARN_RANGE_LOOP_ANALYSIS = YES;
				CLANG_WARN_STRICT_PROTOTYPES = YES;
				CLANG_WARN_SUSPICIOUS_MOVE = YES;
				CLANG_WARN_UNGUARDED_AVAILABILITY = YES_AGGRESSIVE;
				CLANG_WARN_UNREACHABLE_CODE = YES;
				CLANG_WARN__DUPLICATE_METHOD_MATCH = YES;
				COPY_PHASE_STRIP = NO;
				DEBUG_INFORMATION_FORMAT = "dwarf-with-dsym";
				ENABLE_NS_ASSERTIONS = NO;
				ENABLE_STRICT_OBJC_MSGSEND = YES;
				GCC_C_LANGUAGE_STANDARD = gnu11;
				GCC_NO_COMMON_BLOCKS = YES;
				GCC_WARN_64_TO_32_BIT_CONVERSION = YES;
				GCC_WARN_ABOUT_RETURN_TYPE = YES_ERROR;
				GCC_WARN_UNDECLARED_SELECTOR = YES;
				GCC_WARN_UNINITIALIZED_AUTOS = YES_AGGRESSIVE;
				GCC_WARN_UNUSED_FUNCTION = YES;
				GCC_WARN_UNUSED_VARIABLE = YES;
				IPHONEOS_DEPLOYMENT_TARGET = 16.4;
				MTL_ENABLE_DEBUG_INFO = NO;
				MTL_FAST_MATH = YES;
				SDKROOT = iphoneos;
				SWIFT_COMPILATION_MODE = wholemodule;
				SWIFT_OPTIMIZATION_LEVEL = "-O";
				VALIDATE_PRODUCT = YES;
			};
			name = Release;
		};
		9AB5F8E22AB99575006AB3FE /* Debug */ = {
			isa = XCBuildConfiguration;
			buildSettings = {
				ASSETCATALOG_COMPILER_APPICON_NAME = AppIcon;
				ASSETCATALOG_COMPILER_GLOBAL_ACCENT_COLOR_NAME = AccentColor;
				CODE_SIGN_STYLE = Automatic;
				CURRENT_PROJECT_VERSION = 1;
				DEVELOPMENT_ASSET_PATHS = "\"MapApp/Preview Content\"";
				ENABLE_PREVIEWS = YES;
				GENERATE_INFOPLIST_FILE = YES;
				INFOPLIST_KEY_UIApplicationSceneManifest_Generation = YES;
				INFOPLIST_KEY_UIApplicationSupportsIndirectInputEvents = YES;
				INFOPLIST_KEY_UILaunchScreen_Generation = YES;
				INFOPLIST_KEY_UISupportedInterfaceOrientations_iPad = "UIInterfaceOrientationPortrait UIInterfaceOrientationPortraitUpsideDown UIInterfaceOrientationLandscapeLeft UIInterfaceOrientationLandscapeRight";
				INFOPLIST_KEY_UISupportedInterfaceOrientations_iPhone = "UIInterfaceOrientationPortrait UIInterfaceOrientationLandscapeLeft UIInterfaceOrientationLandscapeRight";
				LD_RUNPATH_SEARCH_PATHS = (
					"$(inherited)",
					"@executable_path/Frameworks",
				);
				MARKETING_VERSION = 1.0;
				PRODUCT_BUNDLE_IDENTIFIER = com.CryptoApp.MapApp;
				PRODUCT_NAME = "$(TARGET_NAME)";
				SWIFT_EMIT_LOC_STRINGS = YES;
				SWIFT_VERSION = 5.0;
				TARGETED_DEVICE_FAMILY = "1,2";
			};
			name = Debug;
		};
		9AB5F8E32AB99575006AB3FE /* Release */ = {
			isa = XCBuildConfiguration;
			buildSettings = {
				ASSETCATALOG_COMPILER_APPICON_NAME = AppIcon;
				ASSETCATALOG_COMPILER_GLOBAL_ACCENT_COLOR_NAME = AccentColor;
				CODE_SIGN_STYLE = Automatic;
				CURRENT_PROJECT_VERSION = 1;
				DEVELOPMENT_ASSET_PATHS = "\"MapApp/Preview Content\"";
				ENABLE_PREVIEWS = YES;
				GENERATE_INFOPLIST_FILE = YES;
				INFOPLIST_KEY_UIApplicationSceneManifest_Generation = YES;
				INFOPLIST_KEY_UIApplicationSupportsIndirectInputEvents = YES;
				INFOPLIST_KEY_UILaunchScreen_Generation = YES;
				INFOPLIST_KEY_UISupportedInterfaceOrientations_iPad = "UIInterfaceOrientationPortrait UIInterfaceOrientationPortraitUpsideDown UIInterfaceOrientationLandscapeLeft UIInterfaceOrientationLandscapeRight";
				INFOPLIST_KEY_UISupportedInterfaceOrientations_iPhone = "UIInterfaceOrientationPortrait UIInterfaceOrientationLandscapeLeft UIInterfaceOrientationLandscapeRight";
				LD_RUNPATH_SEARCH_PATHS = (
					"$(inherited)",
					"@executable_path/Frameworks",
				);
				MARKETING_VERSION = 1.0;
				PRODUCT_BUNDLE_IDENTIFIER = com.CryptoApp.MapApp;
				PRODUCT_NAME = "$(TARGET_NAME)";
				SWIFT_EMIT_LOC_STRINGS = YES;
				SWIFT_VERSION = 5.0;
				TARGETED_DEVICE_FAMILY = "1,2";
			};
			name = Release;
		};
/* End XCBuildConfiguration section */

/* Begin XCConfigurationList section */
		9AB5F8CE2AB99574006AB3FE /* Build configuration list for PBXProject "MapApp" */ = {
			isa = XCConfigurationList;
			buildConfigurations = (
				9AB5F8DF2AB99575006AB3FE /* Debug */,
				9AB5F8E02AB99575006AB3FE /* Release */,
			);
			defaultConfigurationIsVisible = 0;
			defaultConfigurationName = Release;
		};
		9AB5F8E12AB99575006AB3FE /* Build configuration list for PBXNativeTarget "MapApp" */ = {
			isa = XCConfigurationList;
			buildConfigurations = (
				9AB5F8E22AB99575006AB3FE /* Debug */,
				9AB5F8E32AB99575006AB3FE /* Release */,
			);
			defaultConfigurationIsVisible = 0;
			defaultConfigurationName = Release;
		};
/* End XCConfigurationList section */
	};
	rootObject = 9AB5F8CB2AB99574006AB3FE /* Project object */;
}
